
Microsoft Visual Studio Solution File, Format Version 12.00
# Visual Studio Version 16
VisualStudioVersion = 16.0.31424.327
MinimumVisualStudioVersion = 10.0.40219.1
Project("{FAE04EC0-301F-11D3-BF4B-00C04F79EFBC}") = "TestDemo", "TestDemo\TestDemo.csproj", "{080D66D1-B0B7-41F9-B3E8-7638E9AD1B16}"
EndProject
Global
	GlobalSection(SolutionConfigurationPlatforms) = preSolution
		Debug|Any CPU = Debug|Any CPU
		Release|Any CPU = Release|Any CPU
	EndGlobalSection
	GlobalSection(ProjectConfigurationPlatforms) = postSolution
		{080D66D1-B0B7-41F9-B3E8-7638E9AD1B16}.Debug|Any CPU.ActiveCfg = Debug|Any CPU
		{080D66D1-B0B7-41F9-B3E8-7638E9AD1B16}.Debug|Any CPU.Build.0 = Debug|Any CPU
		{080D66D1-B0B7-41F9-B3E8-7638E9AD1B16}.Release|Any CPU.ActiveCfg = Release|Any CPU
		{080D66D1-B0B7-41F9-B3E8-7638E9AD1B16}.Release|Any CPU.Build.0 = Release|Any CPU
	EndGlobalSection
	GlobalSection(SolutionProperties) = preSolution
		HideSolutionNode = FALSE
	EndGlobalSection
	GlobalSection(ExtensibilityGlobals) = postSolution
		SolutionGuid = {2573C349-E289-43E9-8182-2CB2299F0B8E}
	EndGlobalSection
EndGlobal
